
Microsoft Visual Studio Solution File, Format Version 12.00
# Visual Studio Version 17
VisualStudioVersion = 17.5.33502.453
MinimumVisualStudioVersion = 10.0.40219.1
Project("{FAE04EC0-301F-11D3-BF4B-00C04F79EFBC}") = "identityStep", "identityStep\identityStep.csproj", "{761A3F9F-48A4-4D83-AFCE-8BB17E7E937F}"
EndProject
Global
	GlobalSection(SolutionConfigurationPlatforms) = preSolution
		Debug|Any CPU = Debug|Any CPU
		Release|Any CPU = Release|Any CPU
	EndGlobalSection
	GlobalSection(ProjectConfigurationPlatforms) = postSolution
		{761A3F9F-48A4-4D83-AFCE-8BB17E7E937F}.Debug|Any CPU.ActiveCfg = Debug|Any CPU
		{761A3F9F-48A4-4D83-AFCE-8BB17E7E937F}.Debug|Any CPU.Build.0 = Debug|Any CPU
		{761A3F9F-48A4-4D83-AFCE-8BB17E7E937F}.Release|Any CPU.ActiveCfg = Release|Any CPU
		{761A3F9F-48A4-4D83-AFCE-8BB17E7E937F}.Release|Any CPU.Build.0 = Release|Any CPU
	EndGlobalSection
	GlobalSection(SolutionProperties) = preSolution
		HideSolutionNode = FALSE
	EndGlobalSection
	GlobalSection(ExtensibilityGlobals) = postSolution
		SolutionGuid = {EDE71150-6DD5-4B69-9616-0ACCC3076A87}
	EndGlobalSection
EndGlobal
